
Microsoft Visual Studio Solution File, Format Version 12.00
# Visual Studio Version 16
VisualStudioVersion = 16.0.31702.278
MinimumVisualStudioVersion = 10.0.40219.1
Project("{FAE04EC0-301F-11D3-BF4B-00C04F79EFBC}") = "WebApplication1", "WebApplication1\WebApplication1.csproj", "{FA13A20D-F570-40FF-B82F-526BD0BCB5E4}"
EndProject
Global
	GlobalSection(SolutionConfigurationPlatforms) = preSolution
		Debug|Any CPU = Debug|Any CPU
		Release|Any CPU = Release|Any CPU
	EndGlobalSection
	GlobalSection(ProjectConfigurationPlatforms) = postSolution
		{FA13A20D-F570-40FF-B82F-526BD0BCB5E4}.Debug|Any CPU.ActiveCfg = Debug|Any CPU
		{FA13A20D-F570-40FF-B82F-526BD0BCB5E4}.Debug|Any CPU.Build.0 = Debug|Any CPU
		{FA13A20D-F570-40FF-B82F-526BD0BCB5E4}.Release|Any CPU.ActiveCfg = Release|Any CPU
		{FA13A20D-F570-40FF-B82F-526BD0BCB5E4}.Release|Any CPU.Build.0 = Release|Any CPU
	EndGlobalSection
	GlobalSection(SolutionProperties) = preSolution
		HideSolutionNode = FALSE
	EndGlobalSection
	GlobalSection(ExtensibilityGlobals) = postSolution
		SolutionGuid = {838AE06D-0238-43D7-88F8-FA9C5DE6BBB4}
	EndGlobalSection
EndGlobal
